PODS:
  - AFNetworking (4.0.1):
    - AFNetworking/NSURLSession (= 4.0.1)
    - AFNetworking/Reachability (= 4.0.1)
    - AFNetworking/Security (= 4.0.1)
    - AFNetworking/Serialization (= 4.0.1)
    - AFNetworking/UIKit (= 4.0.1)
  - AFNetworking/NSURLSession (4.0.1):
    - AFNetworking/Reachability
    - AFNetworking/Security
    - AFNetworking/Serialization
  - AFNetworking/Reachability (4.0.1)
  - AFNetworking/Security (4.0.1)
  - AFNetworking/Serialization (4.0.1)
  - AFNetworking/UIKit (4.0.1):
    - AFNetworking/NSURLSession
  - JLYKit (0.9.5):
    - JLYKit/AppDelegate (= 0.9.5)
    - JLYKit/AppUtils (= 0.9.5)
    - JLYKit/Config (= 0.9.5)
    - JLYKit/FoundationExtensions (= 0.9.5)
    - JLYKit/JLYBaseKit (= 0.9.5)
    - JLYKit/JLYBaseViewModel (= 0.9.5)
    - JLYKit/JLYLaunchAnimation (= 0.9.5)
    - JLYKit/JLYNetworking (= 0.9.5)
    - JLYKit/JLYSqlite (= 0.9.5)
    - JLYKit/JLYURLRouter (= 0.9.5)
    - JLYKit/JLYVIPER (= 0.9.5)
    - JLYKit/UIExtensions (= 0.9.5)
    - JLYKit/Vender (= 0.9.5)
    - JLYKit/YYModel (= 0.9.5)
    - SDWebImage
  - JLYKit/AppDelegate (0.9.5):
    - Reachability
    - SDWebImage
  - JLYKit/AppUtils (0.9.5):
    - JLYKit/FoundationExtensions
    - JLYKit/UIExtensions
    - SDWebImage
    - SVProgressHUD
  - JLYKit/Config (0.9.5):
    - JLYKit/AppUtils
    - JLYKit/JLYLaunchAnimation
    - JLYKit/JLYVIPER
    - JLYKit/UIExtensions
    - JLYKit/Vender
    - libextobjc
    - Masonry
    - MLInputDodger (~> 1.4.0)
    - Reachability
    - SDAutoLayout
    - SDWebImage
    - SVProgressHUD
  - JLYKit/FoundationExtensions (0.9.5):
    - SDWebImage
  - JLYKit/JLYBaseKit (0.9.5):
    - JLYKit/Config
    - JLYKit/FoundationExtensions
    - JLYKit/JLYVIPER
    - JLYKit/UIExtensions
    - MJRefresh
    - SDWebImage
  - JLYKit/JLYBaseViewModel (0.9.5):
    - JLYKit/JLYURLRouter
    - SDWebImage
  - JLYKit/JLYLaunchAnimation (0.9.5):
    - SDWebImage
  - JLYKit/JLYNetworking (0.9.5):
    - AFNetworking
    - JLYKit/FoundationExtensions
    - JLYKit/UIExtensions
    - SDWebImage
  - JLYKit/JLYSqlite (0.9.5):
    - SDWebImage
    - SQLCipher
  - JLYKit/JLYURLRouter (0.9.5):
    - SDWebImage
  - JLYKit/JLYVIPER (0.9.5):
    - JLYKit/AppDelegate
    - JLYKit/JLYURLRouter
    - JLYKit/UIExtensions
    - SDWebImage
  - JLYKit/UIExtensions (0.9.5):
    - JLYKit/FoundationExtensions
    - SDWebImage
    - SVProgressHUD
  - JLYKit/Vender (0.9.5):
    - JLYKit/FoundationExtensions
    - libextobjc
    - SDAutoLayout
    - SDWebImage
  - JLYKit/YYModel (0.9.5):
    - SDWebImage
  - libextobjc (0.6):
    - libextobjc/EXTADT (= 0.6)
    - libextobjc/EXTConcreteProtocol (= 0.6)
    - libextobjc/EXTKeyPathCoding (= 0.6)
    - libextobjc/EXTNil (= 0.6)
    - libextobjc/EXTSafeCategory (= 0.6)
    - libextobjc/EXTScope (= 0.6)
    - libextobjc/EXTSelectorChecking (= 0.6)
    - libextobjc/EXTSynthesize (= 0.6)
    - "libextobjc/NSInvocation+EXT (= 0.6)"
    - "libextobjc/NSMethodSignature+EXT (= 0.6)"
    - libextobjc/RuntimeExtensions (= 0.6)
    - libextobjc/UmbrellaHeader (= 0.6)
  - libextobjc/EXTADT (0.6):
    - libextobjc/RuntimeExtensions
  - libextobjc/EXTConcreteProtocol (0.6):
    - libextobjc/RuntimeExtensions
  - libextobjc/EXTKeyPathCoding (0.6):
    - libextobjc/RuntimeExtensions
  - libextobjc/EXTNil (0.6):
    - libextobjc/RuntimeExtensions
  - libextobjc/EXTSafeCategory (0.6):
    - libextobjc/RuntimeExtensions
  - libextobjc/EXTScope (0.6):
    - libextobjc/RuntimeExtensions
  - libextobjc/EXTSelectorChecking (0.6):
    - libextobjc/RuntimeExtensions
  - libextobjc/EXTSynthesize (0.6):
    - libextobjc/RuntimeExtensions
  - "libextobjc/NSInvocation+EXT (0.6)":
    - libextobjc/RuntimeExtensions
  - "libextobjc/NSMethodSignature+EXT (0.6)":
    - libextobjc/RuntimeExtensions
  - libextobjc/RuntimeExtensions (0.6)
  - libextobjc/UmbrellaHeader (0.6)
  - Masonry (1.1.0)
  - MJRefresh (3.5.0)
  - MLInputDodger (1.4.1)
  - Reachability (3.2)
  - SDAutoLayout (2.2.1)
  - SDWebImage (5.10.4):
    - SDWebImage/Core (= 5.10.4)
  - SDWebImage/Core (5.10.4)
  - SQLCipher (4.4.3):
    - SQLCipher/standard (= 4.4.3)
  - SQLCipher/common (4.4.3)
  - SQLCipher/standard (4.4.3):
    - SQLCipher/common
  - SVProgressHUD (2.2.5)

DEPENDENCIES:
  - JLYKit (from `../`)

SPEC REPOS:
  trunk:
    - AFNetworking
    - libextobjc
    - Masonry
    - MJRefresh
    - MLInputDodger
    - Reachability
    - SDAutoLayout
    - SDWebImage
    - SQLCipher
    - SVProgressHUD

EXTERNAL SOURCES:
  JLYKit:
    :path: "../"

SPEC CHECKSUMS:
  AFNetworking: 7864c38297c79aaca1500c33288e429c3451fdce
  JLYKit: c5cb9e76ce542f129fb3a0b80facb0bf3cdc9f19
  libextobjc: aed8b7d2b07f511c1a7ecaacb33ea03e327c69b7
  Masonry: 678fab65091a9290e40e2832a55e7ab731aad201
  MJRefresh: 6afc955813966afb08305477dd7a0d9ad5e79a16
  MLInputDodger: 79cbc9e07a573565e14dcb271965ec9ef5ff7b7f
  Reachability: 33e18b67625424e47b6cde6d202dce689ad7af96
  SDAutoLayout: 8bf6b3bbc8b01f775d4defbb4fda2ace805461be
  SDWebImage: c666b97e1fa9c64b4909816a903322018f0a9c84
  SQLCipher: 155ffeafc9ac102e5c9b68e3e9a1297a98a27096
  SVProgressHUD: 1428aafac632c1f86f62aa4243ec12008d7a51d6

PODFILE CHECKSUM: 02e4dfbafb5a82afe75dce02e10f29cfbc49e14f

COCOAPODS: 1.10.1
